
Microsoft Visual Studio Solution File, Format Version 12.00
# Visual Studio Version 17
VisualStudioVersion = 17.0.32126.317
MinimumVisualStudioVersion = 10.0.40219.1
Project("{9A19103F-16F7-4668-BE54-9A1E7A4F7556}") = "FoodTrakker.BusinessLogic", "FoodTrakker\FoodTrakker.BusinessLogic.csproj", "{B010CB77-3623-4DB6-967F-75D84FA51000}"
EndProject
Project("{9A19103F-16F7-4668-BE54-9A1E7A4F7556}") = "FoodTrakkerWebAplication", "FoodTrakkerWebAplication\FoodTrakkerWebAplication.csproj", "{A3B3B807-6215-430A-A305-EDF516F4A984}"
EndProject
Project("{9A19103F-16F7-4668-BE54-9A1E7A4F7556}") = "FoodTrakker.Core", "FoodTrakker_WebBusinessLogic\FoodTrakker.Core.csproj", "{5A527C19-7A1B-4EC4-AEA3-298C9AFBBCFD}"
EndProject
Project("{FAE04EC0-301F-11D3-BF4B-00C04F79EFBC}") = "FoodTrakker.Repository", "FoodTrakker.Repository\FoodTrakker.Repository.csproj", "{CE78B97D-3BB5-4AF6-8C39-2983B22FD6A4}"
EndProject
Project("{FAE04EC0-301F-11D3-BF4B-00C04F79EFBC}") = "FoodTrakker.Services", "FoodTrakker.Services\FoodTrakker.Services.csproj", "{BD78AEA8-9B84-452C-9075-2C2483B7470D}"
EndProject
Global
	GlobalSection(SolutionConfigurationPlatforms) = preSolution
		Debug|Any CPU = Debug|Any CPU
		Release|Any CPU = Release|Any CPU
	EndGlobalSection
	GlobalSection(ProjectConfigurationPlatforms) = postSolution
		{B010CB77-3623-4DB6-967F-75D84FA51000}.Debug|Any CPU.ActiveCfg = Debug|Any CPU
		{B010CB77-3623-4DB6-967F-75D84FA51000}.Debug|Any CPU.Build.0 = Debug|Any CPU
		{B010CB77-3623-4DB6-967F-75D84FA51000}.Release|Any CPU.ActiveCfg = Release|Any CPU
		{B010CB77-3623-4DB6-967F-75D84FA51000}.Release|Any CPU.Build.0 = Release|Any CPU
		{A3B3B807-6215-430A-A305-EDF516F4A984}.Debug|Any CPU.ActiveCfg = Debug|Any CPU
		{A3B3B807-6215-430A-A305-EDF516F4A984}.Debug|Any CPU.Build.0 = Debug|Any CPU
		{A3B3B807-6215-430A-A305-EDF516F4A984}.Release|Any CPU.ActiveCfg = Release|Any CPU
		{A3B3B807-6215-430A-A305-EDF516F4A984}.Release|Any CPU.Build.0 = Release|Any CPU
		{5A527C19-7A1B-4EC4-AEA3-298C9AFBBCFD}.Debug|Any CPU.ActiveCfg = Debug|Any CPU
		{5A527C19-7A1B-4EC4-AEA3-298C9AFBBCFD}.Debug|Any CPU.Build.0 = Debug|Any CPU
		{5A527C19-7A1B-4EC4-AEA3-298C9AFBBCFD}.Release|Any CPU.ActiveCfg = Release|Any CPU
		{5A527C19-7A1B-4EC4-AEA3-298C9AFBBCFD}.Release|Any CPU.Build.0 = Release|Any CPU
		{CE78B97D-3BB5-4AF6-8C39-2983B22FD6A4}.Debug|Any CPU.ActiveCfg = Debug|Any CPU
		{CE78B97D-3BB5-4AF6-8C39-2983B22FD6A4}.Debug|Any CPU.Build.0 = Debug|Any CPU
		{CE78B97D-3BB5-4AF6-8C39-2983B22FD6A4}.Release|Any CPU.ActiveCfg = Release|Any CPU
		{CE78B97D-3BB5-4AF6-8C39-2983B22FD6A4}.Release|Any CPU.Build.0 = Release|Any CPU
		{BD78AEA8-9B84-452C-9075-2C2483B7470D}.Debug|Any CPU.ActiveCfg = Debug|Any CPU
		{BD78AEA8-9B84-452C-9075-2C2483B7470D}.Debug|Any CPU.Build.0 = Debug|Any CPU
		{BD78AEA8-9B84-452C-9075-2C2483B7470D}.Release|Any CPU.ActiveCfg = Release|Any CPU
		{BD78AEA8-9B84-452C-9075-2C2483B7470D}.Release|Any CPU.Build.0 = Release|Any CPU
	EndGlobalSection
	GlobalSection(SolutionProperties) = preSolution
		HideSolutionNode = FALSE
	EndGlobalSection
	GlobalSection(ExtensibilityGlobals) = postSolution
		SolutionGuid = {DE044338-7FFB-4E75-86A8-5276A8424AC8}
	EndGlobalSection
EndGlobal
